
Microsoft Visual Studio Solution File, Format Version 12.00
# Visual Studio Version 16
VisualStudioVersion = 16.0.29905.134
MinimumVisualStudioVersion = 10.0.40219.1
Project("{9A19103F-16F7-4668-BE54-9A1E7A4F7556}") = "LoggerAssistant", "LoggerAssistant\LoggerAssistant.csproj", "{74DC617D-6631-49C3-BF7E-F81B6DA4FF8C}"
EndProject
Project("{9A19103F-16F7-4668-BE54-9A1E7A4F7556}") = "LoggerAssistant.API", "LoggerAssistant.API\LoggerAssistant.API.csproj", "{A3511814-9E4F-4B01-A81D-251164FA230F}"
EndProject
Project("{FAE04EC0-301F-11D3-BF4B-00C04F79EFBC}") = "LoggerAssistant.Web", "LoggerAssistant.Web\LoggerAssistant.Web.csproj", "{98AEA6C6-BD89-40E8-9AB4-0FDD8CB33D50}"
EndProject
Global
	GlobalSection(SolutionConfigurationPlatforms) = preSolution
		Debug|Any CPU = Debug|Any CPU
		Release|Any CPU = Release|Any CPU
	EndGlobalSection
	GlobalSection(ProjectConfigurationPlatforms) = postSolution
		{74DC617D-6631-49C3-BF7E-F81B6DA4FF8C}.Debug|Any CPU.ActiveCfg = Debug|Any CPU
		{74DC617D-6631-49C3-BF7E-F81B6DA4FF8C}.Debug|Any CPU.Build.0 = Debug|Any CPU
		{74DC617D-6631-49C3-BF7E-F81B6DA4FF8C}.Release|Any CPU.ActiveCfg = Release|Any CPU
		{74DC617D-6631-49C3-BF7E-F81B6DA4FF8C}.Release|Any CPU.Build.0 = Release|Any CPU
		{A3511814-9E4F-4B01-A81D-251164FA230F}.Debug|Any CPU.ActiveCfg = Debug|Any CPU
		{A3511814-9E4F-4B01-A81D-251164FA230F}.Debug|Any CPU.Build.0 = Debug|Any CPU
		{A3511814-9E4F-4B01-A81D-251164FA230F}.Release|Any CPU.ActiveCfg = Release|Any CPU
		{A3511814-9E4F-4B01-A81D-251164FA230F}.Release|Any CPU.Build.0 = Release|Any CPU
		{98AEA6C6-BD89-40E8-9AB4-0FDD8CB33D50}.Debug|Any CPU.ActiveCfg = Debug|Any CPU
		{98AEA6C6-BD89-40E8-9AB4-0FDD8CB33D50}.Debug|Any CPU.Build.0 = Debug|Any CPU
		{98AEA6C6-BD89-40E8-9AB4-0FDD8CB33D50}.Release|Any CPU.ActiveCfg = Release|Any CPU
		{98AEA6C6-BD89-40E8-9AB4-0FDD8CB33D50}.Release|Any CPU.Build.0 = Release|Any CPU
	EndGlobalSection
	GlobalSection(SolutionProperties) = preSolution
		HideSolutionNode = FALSE
	EndGlobalSection
	GlobalSection(ExtensibilityGlobals) = postSolution
		SolutionGuid = {3066B32B-B20B-42C7-8BC4-A58646A2E87A}
	EndGlobalSection
EndGlobal
